
Microsoft Visual Studio Solution File, Format Version 12.00
# Visual Studio Version 16
VisualStudioVersion = 25.0.1706.14
MinimumVisualStudioVersion = 10.0.40219.1
Project("{FAE04EC0-301F-11D3-BF4B-00C04F79EFBC}") = "FileUploadApp", "FileUploadApp\FileUploadApp.csproj", "{CE9A4080-C7A1-4C22-99CE-3A5243311607}"
EndProject
Project("{FAE04EC0-301F-11D3-BF4B-00C04F79EFBC}") = "FileUploadApp.UnitTests", "UnitTestFileUploadApp\FileUploadApp.UnitTests.csproj", "{757F3EEF-3826-4530-9363-E153A892C513}"
EndProject
Project("{FAE04EC0-301F-11D3-BF4B-00C04F79EFBC}") = "FileUploadApp.Blazor.Components", "FileUploadApp.Blazor.Components\FileUploadApp.Blazor.Components.csproj", "{3F510F54-CFAA-48E3-AF16-5089BBD969D0}"
EndProject
Global
	GlobalSection(SolutionConfigurationPlatforms) = preSolution
		Debug|Any CPU = Debug|Any CPU
		Release|Any CPU = Release|Any CPU
	EndGlobalSection
	GlobalSection(ProjectConfigurationPlatforms) = postSolution
		{CE9A4080-C7A1-4C22-99CE-3A5243311607}.Debug|Any CPU.ActiveCfg = Debug|Any CPU
		{CE9A4080-C7A1-4C22-99CE-3A5243311607}.Debug|Any CPU.Build.0 = Debug|Any CPU
		{CE9A4080-C7A1-4C22-99CE-3A5243311607}.Release|Any CPU.ActiveCfg = Release|Any CPU
		{CE9A4080-C7A1-4C22-99CE-3A5243311607}.Release|Any CPU.Build.0 = Release|Any CPU
		{757F3EEF-3826-4530-9363-E153A892C513}.Debug|Any CPU.ActiveCfg = Debug|Any CPU
		{757F3EEF-3826-4530-9363-E153A892C513}.Debug|Any CPU.Build.0 = Debug|Any CPU
		{757F3EEF-3826-4530-9363-E153A892C513}.Release|Any CPU.ActiveCfg = Release|Any CPU
		{757F3EEF-3826-4530-9363-E153A892C513}.Release|Any CPU.Build.0 = Release|Any CPU
		{3F510F54-CFAA-48E3-AF16-5089BBD969D0}.Debug|Any CPU.ActiveCfg = Debug|Any CPU
		{3F510F54-CFAA-48E3-AF16-5089BBD969D0}.Debug|Any CPU.Build.0 = Debug|Any CPU
		{3F510F54-CFAA-48E3-AF16-5089BBD969D0}.Release|Any CPU.ActiveCfg = Release|Any CPU
		{3F510F54-CFAA-48E3-AF16-5089BBD969D0}.Release|Any CPU.Build.0 = Release|Any CPU
	EndGlobalSection
	GlobalSection(SolutionProperties) = preSolution
		HideSolutionNode = FALSE
	EndGlobalSection
	GlobalSection(ExtensibilityGlobals) = postSolution
		SolutionGuid = {DBC6666B-4123-4B20-BC36-B07E91F45325}
	EndGlobalSection
EndGlobal
